
Microsoft Visual Studio Solution File, Format Version 12.00
# Visual Studio Version 17
VisualStudioVersion = 17.10.35201.131
MinimumVisualStudioVersion = 10.0.40219.1
Project("{2150E333-8FDC-42A3-9474-1A3956D46DE8}") = "Services", "Services", "{A3668E16-9832-4AB2-9ECA-79F41A3FEFDF}"
EndProject
Project("{2150E333-8FDC-42A3-9474-1A3956D46DE8}") = "Catalog", "Catalog", "{6693BD98-8FD0-4559-B6C1-874329115185}"
EndProject
Project("{9A19103F-16F7-4668-BE54-9A1E7A4F7556}") = "Catalog.API", "Services\Catalog\Catalog.API\Catalog.API.csproj", "{C97137C0-407E-40C6-AA17-AD656C5E3F27}"
EndProject
Project("{2150E333-8FDC-42A3-9474-1A3956D46DE8}") = "BuildingBlocks", "BuildingBlocks", "{1131AE45-0F5E-4D84-AC6F-ED3FB6267789}"
EndProject
Project("{9A19103F-16F7-4668-BE54-9A1E7A4F7556}") = "BuildingBlocks", "BuildingBlocks\BuildingBlocks\BuildingBlocks.csproj", "{91AA2C3F-AB66-4A94-89E4-C97AC4111795}"
EndProject
Project("{E53339B2-1760-4266-BCC7-CA923CBCF16C}") = "docker-compose", "docker-compose.dcproj", "{5EA48133-B2C1-41F0-810B-2007F48BD080}"
EndProject
Project("{2150E333-8FDC-42A3-9474-1A3956D46DE8}") = "Basket", "Basket", "{BA1EB4D7-D445-47F2-87A0-A5435031BC6E}"
EndProject
Project("{9A19103F-16F7-4668-BE54-9A1E7A4F7556}") = "Basket.API", "Services\Basket\Basket.API\Basket.API.csproj", "{051FC729-B8C0-4705-AE4F-C63F962D5B63}"
EndProject
Project("{2150E333-8FDC-42A3-9474-1A3956D46DE8}") = "Discount", "Discount", "{9CAFA323-B006-41E4-9A62-9AB3977D3CC6}"
EndProject
Project("{9A19103F-16F7-4668-BE54-9A1E7A4F7556}") = "Discount.Grpc", "Services\Disccount\Discount.Grpc\Discount.Grpc.csproj", "{79F48A55-99FF-450F-BC94-70AD91936E7A}"
EndProject
Project("{2150E333-8FDC-42A3-9474-1A3956D46DE8}") = "Ordering", "Ordering", "{3AEAC507-8446-4472-96ED-C3D222A969AF}"
EndProject
Project("{FAE04EC0-301F-11D3-BF4B-00C04F79EFBC}") = "Ordering.API", "Services\Ordering\Ordering.API\Ordering.API.csproj", "{61FAF0FF-6BF6-4AF8-9A10-E97394A37B7A}"
EndProject
Project("{FAE04EC0-301F-11D3-BF4B-00C04F79EFBC}") = "Ordering.Domain", "Services\Ordering\Ordering.Domain\Ordering.Domain.csproj", "{525D104A-BB83-4D98-A87B-EEB7BCC282CA}"
EndProject
Project("{FAE04EC0-301F-11D3-BF4B-00C04F79EFBC}") = "Ordering.Application", "Services\Ordering\Ordering.Application\Ordering.Application.csproj", "{44A8B43E-9AF9-436A-B03F-F1573CEBB294}"
EndProject
Project("{FAE04EC0-301F-11D3-BF4B-00C04F79EFBC}") = "Ordering.Infrastructure", "Services\Ordering\Ordering.Infrastructure\Ordering.Infrastructure.csproj", "{DA3B98AF-C54A-4B98-81D6-39AE048A9FBA}"
EndProject
Global
	GlobalSection(SolutionConfigurationPlatforms) = preSolution
		Debug|Any CPU = Debug|Any CPU
		Release|Any CPU = Release|Any CPU
	EndGlobalSection
	GlobalSection(ProjectConfigurationPlatforms) = postSolution
		{C97137C0-407E-40C6-AA17-AD656C5E3F27}.Debug|Any CPU.ActiveCfg = Debug|Any CPU
		{C97137C0-407E-40C6-AA17-AD656C5E3F27}.Debug|Any CPU.Build.0 = Debug|Any CPU
		{C97137C0-407E-40C6-AA17-AD656C5E3F27}.Release|Any CPU.ActiveCfg = Release|Any CPU
		{C97137C0-407E-40C6-AA17-AD656C5E3F27}.Release|Any CPU.Build.0 = Release|Any CPU
		{91AA2C3F-AB66-4A94-89E4-C97AC4111795}.Debug|Any CPU.ActiveCfg = Debug|Any CPU
		{91AA2C3F-AB66-4A94-89E4-C97AC4111795}.Debug|Any CPU.Build.0 = Debug|Any CPU
		{91AA2C3F-AB66-4A94-89E4-C97AC4111795}.Release|Any CPU.ActiveCfg = Release|Any CPU
		{91AA2C3F-AB66-4A94-89E4-C97AC4111795}.Release|Any CPU.Build.0 = Release|Any CPU
		{5EA48133-B2C1-41F0-810B-2007F48BD080}.Debug|Any CPU.ActiveCfg = Debug|Any CPU
		{5EA48133-B2C1-41F0-810B-2007F48BD080}.Debug|Any CPU.Build.0 = Debug|Any CPU
		{5EA48133-B2C1-41F0-810B-2007F48BD080}.Release|Any CPU.ActiveCfg = Release|Any CPU
		{5EA48133-B2C1-41F0-810B-2007F48BD080}.Release|Any CPU.Build.0 = Release|Any CPU
		{051FC729-B8C0-4705-AE4F-C63F962D5B63}.Debug|Any CPU.ActiveCfg = Debug|Any CPU
		{051FC729-B8C0-4705-AE4F-C63F962D5B63}.Debug|Any CPU.Build.0 = Debug|Any CPU
		{051FC729-B8C0-4705-AE4F-C63F962D5B63}.Release|Any CPU.ActiveCfg = Release|Any CPU
		{051FC729-B8C0-4705-AE4F-C63F962D5B63}.Release|Any CPU.Build.0 = Release|Any CPU
		{79F48A55-99FF-450F-BC94-70AD91936E7A}.Debug|Any CPU.ActiveCfg = Debug|Any CPU
		{79F48A55-99FF-450F-BC94-70AD91936E7A}.Debug|Any CPU.Build.0 = Debug|Any CPU
		{79F48A55-99FF-450F-BC94-70AD91936E7A}.Release|Any CPU.ActiveCfg = Release|Any CPU
		{79F48A55-99FF-450F-BC94-70AD91936E7A}.Release|Any CPU.Build.0 = Release|Any CPU
		{61FAF0FF-6BF6-4AF8-9A10-E97394A37B7A}.Debug|Any CPU.ActiveCfg = Debug|Any CPU
		{61FAF0FF-6BF6-4AF8-9A10-E97394A37B7A}.Debug|Any CPU.Build.0 = Debug|Any CPU
		{61FAF0FF-6BF6-4AF8-9A10-E97394A37B7A}.Release|Any CPU.ActiveCfg = Release|Any CPU
		{61FAF0FF-6BF6-4AF8-9A10-E97394A37B7A}.Release|Any CPU.Build.0 = Release|Any CPU
		{525D104A-BB83-4D98-A87B-EEB7BCC282CA}.Debug|Any CPU.ActiveCfg = Debug|Any CPU
		{525D104A-BB83-4D98-A87B-EEB7BCC282CA}.Debug|Any CPU.Build.0 = Debug|Any CPU
		{525D104A-BB83-4D98-A87B-EEB7BCC282CA}.Release|Any CPU.ActiveCfg = Release|Any CPU
		{525D104A-BB83-4D98-A87B-EEB7BCC282CA}.Release|Any CPU.Build.0 = Release|Any CPU
		{44A8B43E-9AF9-436A-B03F-F1573CEBB294}.Debug|Any CPU.ActiveCfg = Debug|Any CPU
		{44A8B43E-9AF9-436A-B03F-F1573CEBB294}.Debug|Any CPU.Build.0 = Debug|Any CPU
		{44A8B43E-9AF9-436A-B03F-F1573CEBB294}.Release|Any CPU.ActiveCfg = Release|Any CPU
		{44A8B43E-9AF9-436A-B03F-F1573CEBB294}.Release|Any CPU.Build.0 = Release|Any CPU
		{DA3B98AF-C54A-4B98-81D6-39AE048A9FBA}.Debug|Any CPU.ActiveCfg = Debug|Any CPU
		{DA3B98AF-C54A-4B98-81D6-39AE048A9FBA}.Debug|Any CPU.Build.0 = Debug|Any CPU
		{DA3B98AF-C54A-4B98-81D6-39AE048A9FBA}.Release|Any CPU.ActiveCfg = Release|Any CPU
		{DA3B98AF-C54A-4B98-81D6-39AE048A9FBA}.Release|Any CPU.Build.0 = Release|Any CPU
	EndGlobalSection
	GlobalSection(SolutionProperties) = preSolution
		HideSolutionNode = FALSE
	EndGlobalSection
	GlobalSection(NestedProjects) = preSolution
		{6693BD98-8FD0-4559-B6C1-874329115185} = {A3668E16-9832-4AB2-9ECA-79F41A3FEFDF}
		{C97137C0-407E-40C6-AA17-AD656C5E3F27} = {6693BD98-8FD0-4559-B6C1-874329115185}
		{91AA2C3F-AB66-4A94-89E4-C97AC4111795} = {1131AE45-0F5E-4D84-AC6F-ED3FB6267789}
		{BA1EB4D7-D445-47F2-87A0-A5435031BC6E} = {A3668E16-9832-4AB2-9ECA-79F41A3FEFDF}
		{051FC729-B8C0-4705-AE4F-C63F962D5B63} = {BA1EB4D7-D445-47F2-87A0-A5435031BC6E}
		{9CAFA323-B006-41E4-9A62-9AB3977D3CC6} = {A3668E16-9832-4AB2-9ECA-79F41A3FEFDF}
		{79F48A55-99FF-450F-BC94-70AD91936E7A} = {9CAFA323-B006-41E4-9A62-9AB3977D3CC6}
		{3AEAC507-8446-4472-96ED-C3D222A969AF} = {A3668E16-9832-4AB2-9ECA-79F41A3FEFDF}
		{61FAF0FF-6BF6-4AF8-9A10-E97394A37B7A} = {3AEAC507-8446-4472-96ED-C3D222A969AF}
		{525D104A-BB83-4D98-A87B-EEB7BCC282CA} = {3AEAC507-8446-4472-96ED-C3D222A969AF}
		{44A8B43E-9AF9-436A-B03F-F1573CEBB294} = {3AEAC507-8446-4472-96ED-C3D222A969AF}
		{DA3B98AF-C54A-4B98-81D6-39AE048A9FBA} = {3AEAC507-8446-4472-96ED-C3D222A969AF}
	EndGlobalSection
	GlobalSection(ExtensibilityGlobals) = postSolution
		SolutionGuid = {C8B252D0-36C4-47FA-A4DA-3AB3DEA7FE8B}
	EndGlobalSection
EndGlobal
